
Microsoft Visual Studio Solution File, Format Version 12.00
# Visual Studio 15
VisualStudioVersion = 15.0.27004.2006
MinimumVisualStudioVersion = 10.0.40219.1
Project("{FAE04EC0-301F-11D3-BF4B-00C04F79EFBC}") = "TODOList", "TODOList\TODOList.csproj", "{5B3AA6CD-EB72-4421-BEBF-D4F1C8E713FC}"
EndProject
Global
	GlobalSection(SolutionConfigurationPlatforms) = preSolution
		Debug|Any CPU = Debug|Any CPU
		Release|Any CPU = Release|Any CPU
	EndGlobalSection
	GlobalSection(ProjectConfigurationPlatforms) = postSolution
		{5B3AA6CD-EB72-4421-BEBF-D4F1C8E713FC}.Debug|Any CPU.ActiveCfg = Debug|Any CPU
		{5B3AA6CD-EB72-4421-BEBF-D4F1C8E713FC}.Debug|Any CPU.Build.0 = Debug|Any CPU
		{5B3AA6CD-EB72-4421-BEBF-D4F1C8E713FC}.Release|Any CPU.ActiveCfg = Release|Any CPU
		{5B3AA6CD-EB72-4421-BEBF-D4F1C8E713FC}.Release|Any CPU.Build.0 = Release|Any CPU
	EndGlobalSection
	GlobalSection(SolutionProperties) = preSolution
		HideSolutionNode = FALSE
	EndGlobalSection
	GlobalSection(ExtensibilityGlobals) = postSolution
		SolutionGuid = {77835CBF-B8E7-4DF3-9749-0CC65592050F}
	EndGlobalSection
EndGlobal
